
Microsoft Visual Studio Solution File, Format Version 12.00
# Visual Studio 15
VisualStudioVersion = 15.0.26124.0
MinimumVisualStudioVersion = 15.0.26124.0
Project("{FAE04EC0-301F-11D3-BF4B-00C04F79EFBC}") = "RemoteExecutor", "RemoteExecutor\RemoteExecutor.csproj", "{B538F938-AD81-42D4-8509-CB2296EF1E62}"
EndProject
Project("{FAE04EC0-301F-11D3-BF4B-00C04F79EFBC}") = "RemoteExecutor.Lib", "RemoteExecutor.Lib\RemoteExecutor.Lib.csproj", "{599C772E-AB9C-47CB-A449-685C99090AA7}"
EndProject
Project("{E53339B2-1760-4266-BCC7-CA923CBCF16C}") = "docker-compose", "docker-compose.dcproj", "{981E1B5E-4E91-4F69-900C-DEF8379EB163}"
EndProject
Global
	GlobalSection(SolutionConfigurationPlatforms) = preSolution
		Debug|Any CPU = Debug|Any CPU
		Debug|x64 = Debug|x64
		Debug|x86 = Debug|x86
		Release|Any CPU = Release|Any CPU
		Release|x64 = Release|x64
		Release|x86 = Release|x86
	EndGlobalSection
	GlobalSection(SolutionProperties) = preSolution
		HideSolutionNode = FALSE
	EndGlobalSection
	GlobalSection(ProjectConfigurationPlatforms) = postSolution
		{B538F938-AD81-42D4-8509-CB2296EF1E62}.Debug|Any CPU.ActiveCfg = Debug|Any CPU
		{B538F938-AD81-42D4-8509-CB2296EF1E62}.Debug|Any CPU.Build.0 = Debug|Any CPU
		{B538F938-AD81-42D4-8509-CB2296EF1E62}.Debug|x64.ActiveCfg = Debug|Any CPU
		{B538F938-AD81-42D4-8509-CB2296EF1E62}.Debug|x64.Build.0 = Debug|Any CPU
		{B538F938-AD81-42D4-8509-CB2296EF1E62}.Debug|x86.ActiveCfg = Debug|Any CPU
		{B538F938-AD81-42D4-8509-CB2296EF1E62}.Debug|x86.Build.0 = Debug|Any CPU
		{B538F938-AD81-42D4-8509-CB2296EF1E62}.Release|Any CPU.ActiveCfg = Release|Any CPU
		{B538F938-AD81-42D4-8509-CB2296EF1E62}.Release|Any CPU.Build.0 = Release|Any CPU
		{B538F938-AD81-42D4-8509-CB2296EF1E62}.Release|x64.ActiveCfg = Release|Any CPU
		{B538F938-AD81-42D4-8509-CB2296EF1E62}.Release|x64.Build.0 = Release|Any CPU
		{B538F938-AD81-42D4-8509-CB2296EF1E62}.Release|x86.ActiveCfg = Release|Any CPU
		{B538F938-AD81-42D4-8509-CB2296EF1E62}.Release|x86.Build.0 = Release|Any CPU
		{599C772E-AB9C-47CB-A449-685C99090AA7}.Debug|Any CPU.ActiveCfg = Debug|Any CPU
		{599C772E-AB9C-47CB-A449-685C99090AA7}.Debug|Any CPU.Build.0 = Debug|Any CPU
		{599C772E-AB9C-47CB-A449-685C99090AA7}.Debug|x64.ActiveCfg = Debug|Any CPU
		{599C772E-AB9C-47CB-A449-685C99090AA7}.Debug|x64.Build.0 = Debug|Any CPU
		{599C772E-AB9C-47CB-A449-685C99090AA7}.Debug|x86.ActiveCfg = Debug|Any CPU
		{599C772E-AB9C-47CB-A449-685C99090AA7}.Debug|x86.Build.0 = Debug|Any CPU
		{599C772E-AB9C-47CB-A449-685C99090AA7}.Release|Any CPU.ActiveCfg = Release|Any CPU
		{599C772E-AB9C-47CB-A449-685C99090AA7}.Release|Any CPU.Build.0 = Release|Any CPU
		{599C772E-AB9C-47CB-A449-685C99090AA7}.Release|x64.ActiveCfg = Release|Any CPU
		{599C772E-AB9C-47CB-A449-685C99090AA7}.Release|x64.Build.0 = Release|Any CPU
		{599C772E-AB9C-47CB-A449-685C99090AA7}.Release|x86.ActiveCfg = Release|Any CPU
		{599C772E-AB9C-47CB-A449-685C99090AA7}.Release|x86.Build.0 = Release|Any CPU
		{981E1B5E-4E91-4F69-900C-DEF8379EB163}.Debug|Any CPU.ActiveCfg = Debug|Any CPU
		{981E1B5E-4E91-4F69-900C-DEF8379EB163}.Debug|Any CPU.Build.0 = Debug|Any CPU
		{981E1B5E-4E91-4F69-900C-DEF8379EB163}.Debug|x64.ActiveCfg = Debug|Any CPU
		{981E1B5E-4E91-4F69-900C-DEF8379EB163}.Debug|x64.Build.0 = Debug|Any CPU
		{981E1B5E-4E91-4F69-900C-DEF8379EB163}.Debug|x86.ActiveCfg = Debug|Any CPU
		{981E1B5E-4E91-4F69-900C-DEF8379EB163}.Debug|x86.Build.0 = Debug|Any CPU
		{981E1B5E-4E91-4F69-900C-DEF8379EB163}.Release|Any CPU.ActiveCfg = Release|Any CPU
		{981E1B5E-4E91-4F69-900C-DEF8379EB163}.Release|Any CPU.Build.0 = Release|Any CPU
		{981E1B5E-4E91-4F69-900C-DEF8379EB163}.Release|x64.ActiveCfg = Release|Any CPU
		{981E1B5E-4E91-4F69-900C-DEF8379EB163}.Release|x64.Build.0 = Release|Any CPU
		{981E1B5E-4E91-4F69-900C-DEF8379EB163}.Release|x86.ActiveCfg = Release|Any CPU
		{981E1B5E-4E91-4F69-900C-DEF8379EB163}.Release|x86.Build.0 = Release|Any CPU
	EndGlobalSection
EndGlobal
